# This file was autogenerated by Stack.
# You should not edit this file by hand.
# For more information, please see the documentation at:
#   https://docs.haskellstack.org/en/stable/lock_files

packages:
- completed:
    hackage: rock-0.3.1.1@sha256:78ea97956e6db9a8913e420111c2b5bcc5e52122ab56bfd9958606f0857aa25c,3591
    pantry-tree:
      sha256: 4fe1a254b430c7e7203314e4e83b78ec52eed406041f89ca9d3b81e2a91d2e72
      size: 536
  original:
    hackage: rock-0.3.1.1@sha256:78ea97956e6db9a8913e420111c2b5bcc5e52122ab56bfd9958606f0857aa25c,3591
- completed:
    hackage: dependent-hashmap-0.1.0.1@sha256:6d1c20bd79f32d8daebd3cc741f884cc3d093118e3b876eb957defd4c594a966,1892
    pantry-tree:
      sha256: 817b36b81735d96696c5b165357c431e0b396dcf45afb8b4384fbfd4f4499cbb
      size: 334
  original:
    hackage: dependent-hashmap-0.1.0.1@sha256:6d1c20bd79f32d8daebd3cc741f884cc3d093118e3b876eb957defd4c594a966,1892
snapshots:
- completed:
    sha256: 1b4c2669e26fa828451830ed4725e4d406acc25a1fa24fcc039465dd13d7a575
    size: 714100
    url: https://raw.githubusercontent.com/commercialhaskell/stackage-snapshots/master/lts/22/6.yaml
  original:
    url: https://raw.githubusercontent.com/commercialhaskell/stackage-snapshots/master/lts/22/6.yaml
